
Microsoft Visual Studio Solution File, Format Version 12.00
# Visual Studio Version 16
VisualStudioVersion = 16.0.32602.291
MinimumVisualStudioVersion = 10.0.40219.1
Project("{FAE04EC0-301F-11D3-BF4B-00C04F79EFBC}") = "Array Modify", "Array Modify\Array Modify.csproj", "{7F42BA7A-BB9E-4094-8F5E-7321FC2E308C}"
EndProject
Global
	GlobalSection(SolutionConfigurationPlatforms) = preSolution
		Debug|Any CPU = Debug|Any CPU
		Release|Any CPU = Release|Any CPU
	EndGlobalSection
	GlobalSection(ProjectConfigurationPlatforms) = postSolution
		{7F42BA7A-BB9E-4094-8F5E-7321FC2E308C}.Debug|Any CPU.ActiveCfg = Debug|Any CPU
		{7F42BA7A-BB9E-4094-8F5E-7321FC2E308C}.Debug|Any CPU.Build.0 = Debug|Any CPU
		{7F42BA7A-BB9E-4094-8F5E-7321FC2E308C}.Release|Any CPU.ActiveCfg = Release|Any CPU
		{7F42BA7A-BB9E-4094-8F5E-7321FC2E308C}.Release|Any CPU.Build.0 = Release|Any CPU
	EndGlobalSection
	GlobalSection(SolutionProperties) = preSolution
		HideSolutionNode = FALSE
	EndGlobalSection
	GlobalSection(ExtensibilityGlobals) = postSolution
		SolutionGuid = {8B3C7521-D804-4481-8609-BE878CA39423}
	EndGlobalSection
EndGlobal
