
Microsoft Visual Studio Solution File, Format Version 12.00
# Visual Studio Version 16
VisualStudioVersion = 16.0.32602.291
MinimumVisualStudioVersion = 10.0.40219.1
Project("{FAE04EC0-301F-11D3-BF4B-00C04F79EFBC}") = "Theme2", "Theme2\Theme2.csproj", "{C3A1E8CA-B9C1-443A-9142-91FF4D41DD43}"
EndProject
Project("{FAE04EC0-301F-11D3-BF4B-00C04F79EFBC}") = "Solution2", "Solution2\Solution2.csproj", "{FBA89337-57D6-49B8-86F6-67ACD17F3AF0}"
EndProject
Global
	GlobalSection(SolutionConfigurationPlatforms) = preSolution
		Debug|Any CPU = Debug|Any CPU
		Release|Any CPU = Release|Any CPU
	EndGlobalSection
	GlobalSection(ProjectConfigurationPlatforms) = postSolution
		{C3A1E8CA-B9C1-443A-9142-91FF4D41DD43}.Debug|Any CPU.ActiveCfg = Debug|Any CPU
		{C3A1E8CA-B9C1-443A-9142-91FF4D41DD43}.Debug|Any CPU.Build.0 = Debug|Any CPU
		{C3A1E8CA-B9C1-443A-9142-91FF4D41DD43}.Release|Any CPU.ActiveCfg = Release|Any CPU
		{C3A1E8CA-B9C1-443A-9142-91FF4D41DD43}.Release|Any CPU.Build.0 = Release|Any CPU
		{FBA89337-57D6-49B8-86F6-67ACD17F3AF0}.Debug|Any CPU.ActiveCfg = Debug|Any CPU
		{FBA89337-57D6-49B8-86F6-67ACD17F3AF0}.Debug|Any CPU.Build.0 = Debug|Any CPU
		{FBA89337-57D6-49B8-86F6-67ACD17F3AF0}.Release|Any CPU.ActiveCfg = Release|Any CPU
		{FBA89337-57D6-49B8-86F6-67ACD17F3AF0}.Release|Any CPU.Build.0 = Release|Any CPU
	EndGlobalSection
	GlobalSection(SolutionProperties) = preSolution
		HideSolutionNode = FALSE
	EndGlobalSection
	GlobalSection(ExtensibilityGlobals) = postSolution
		SolutionGuid = {4713CDFD-55DF-48D9-9524-F07D854AB6B3}
	EndGlobalSection
EndGlobal
