
Microsoft Visual Studio Solution File, Format Version 12.00
# Visual Studio Version 16
VisualStudioVersion = 16.0.32602.291
MinimumVisualStudioVersion = 10.0.40219.1
Project("{9A19103F-16F7-4668-BE54-9A1E7A4F7556}") = "Lists", "Lists\Lists.csproj", "{68002449-D1FA-474B-84E6-2FF9BDBCEA9B}"
EndProject
Project("{9A19103F-16F7-4668-BE54-9A1E7A4F7556}") = "Solution 2", "Solution 2\Solution 2.csproj", "{6E67F089-94FB-4365-8E44-07982183E98F}"
EndProject
Project("{9A19103F-16F7-4668-BE54-9A1E7A4F7556}") = "Solution 3", "Solution 3\Solution 3.csproj", "{C85C447A-295F-4F05-9C66-5DB09E809AA4}"
EndProject
Project("{9A19103F-16F7-4668-BE54-9A1E7A4F7556}") = "Solution 4", "Solution 4\Solution 4.csproj", "{BDDFC0CA-521C-4FDF-8059-F90C75A32135}"
EndProject
Project("{9A19103F-16F7-4668-BE54-9A1E7A4F7556}") = "Solution 5", "Solution 5\Solution 5.csproj", "{FB19F5FE-9591-4914-AB29-54198B132AEC}"
EndProject
Project("{9A19103F-16F7-4668-BE54-9A1E7A4F7556}") = "Solution 6", "Solution 6\Solution 6.csproj", "{280F67A3-B201-4767-AD2B-BF7D718ECF9C}"
EndProject
Project("{9A19103F-16F7-4668-BE54-9A1E7A4F7556}") = "Solution 7", "Solution 7\Solution 7.csproj", "{DAB6419F-CD6C-4416-911B-12FFDE3AAA39}"
EndProject
Global
	GlobalSection(SolutionConfigurationPlatforms) = preSolution
		Debug|Any CPU = Debug|Any CPU
		Release|Any CPU = Release|Any CPU
	EndGlobalSection
	GlobalSection(ProjectConfigurationPlatforms) = postSolution
		{68002449-D1FA-474B-84E6-2FF9BDBCEA9B}.Debug|Any CPU.ActiveCfg = Debug|Any CPU
		{68002449-D1FA-474B-84E6-2FF9BDBCEA9B}.Debug|Any CPU.Build.0 = Debug|Any CPU
		{68002449-D1FA-474B-84E6-2FF9BDBCEA9B}.Release|Any CPU.ActiveCfg = Release|Any CPU
		{68002449-D1FA-474B-84E6-2FF9BDBCEA9B}.Release|Any CPU.Build.0 = Release|Any CPU
		{6E67F089-94FB-4365-8E44-07982183E98F}.Debug|Any CPU.ActiveCfg = Debug|Any CPU
		{6E67F089-94FB-4365-8E44-07982183E98F}.Debug|Any CPU.Build.0 = Debug|Any CPU
		{6E67F089-94FB-4365-8E44-07982183E98F}.Release|Any CPU.ActiveCfg = Release|Any CPU
		{6E67F089-94FB-4365-8E44-07982183E98F}.Release|Any CPU.Build.0 = Release|Any CPU
		{C85C447A-295F-4F05-9C66-5DB09E809AA4}.Debug|Any CPU.ActiveCfg = Debug|Any CPU
		{C85C447A-295F-4F05-9C66-5DB09E809AA4}.Debug|Any CPU.Build.0 = Debug|Any CPU
		{C85C447A-295F-4F05-9C66-5DB09E809AA4}.Release|Any CPU.ActiveCfg = Release|Any CPU
		{C85C447A-295F-4F05-9C66-5DB09E809AA4}.Release|Any CPU.Build.0 = Release|Any CPU
		{BDDFC0CA-521C-4FDF-8059-F90C75A32135}.Debug|Any CPU.ActiveCfg = Debug|Any CPU
		{BDDFC0CA-521C-4FDF-8059-F90C75A32135}.Debug|Any CPU.Build.0 = Debug|Any CPU
		{BDDFC0CA-521C-4FDF-8059-F90C75A32135}.Release|Any CPU.ActiveCfg = Release|Any CPU
		{BDDFC0CA-521C-4FDF-8059-F90C75A32135}.Release|Any CPU.Build.0 = Release|Any CPU
		{FB19F5FE-9591-4914-AB29-54198B132AEC}.Debug|Any CPU.ActiveCfg = Debug|Any CPU
		{FB19F5FE-9591-4914-AB29-54198B132AEC}.Debug|Any CPU.Build.0 = Debug|Any CPU
		{FB19F5FE-9591-4914-AB29-54198B132AEC}.Release|Any CPU.ActiveCfg = Release|Any CPU
		{FB19F5FE-9591-4914-AB29-54198B132AEC}.Release|Any CPU.Build.0 = Release|Any CPU
		{280F67A3-B201-4767-AD2B-BF7D718ECF9C}.Debug|Any CPU.ActiveCfg = Debug|Any CPU
		{280F67A3-B201-4767-AD2B-BF7D718ECF9C}.Debug|Any CPU.Build.0 = Debug|Any CPU
		{280F67A3-B201-4767-AD2B-BF7D718ECF9C}.Release|Any CPU.ActiveCfg = Release|Any CPU
		{280F67A3-B201-4767-AD2B-BF7D718ECF9C}.Release|Any CPU.Build.0 = Release|Any CPU
		{DAB6419F-CD6C-4416-911B-12FFDE3AAA39}.Debug|Any CPU.ActiveCfg = Debug|Any CPU
		{DAB6419F-CD6C-4416-911B-12FFDE3AAA39}.Debug|Any CPU.Build.0 = Debug|Any CPU
		{DAB6419F-CD6C-4416-911B-12FFDE3AAA39}.Release|Any CPU.ActiveCfg = Release|Any CPU
		{DAB6419F-CD6C-4416-911B-12FFDE3AAA39}.Release|Any CPU.Build.0 = Release|Any CPU
	EndGlobalSection
	GlobalSection(SolutionProperties) = preSolution
		HideSolutionNode = FALSE
	EndGlobalSection
	GlobalSection(ExtensibilityGlobals) = postSolution
		SolutionGuid = {BCF61866-0DD9-47CC-9B44-C123E1B87018}
	EndGlobalSection
EndGlobal
